Microsoft Visual Studio Solution File, Format Version 12.00
# Visual Studio 2013
VisualStudioVersion = 12.0.31101.0
MinimumVisualStudioVersion = 10.0.40219.1
Project("{FAE04EC0-301F-11D3-BF4B-00C04F79EFBC}") = "Assembly-CSharp-firstpass", "Assembly-CSharp-firstpass.csproj", "{29B15D09-5FCE-52E5-B4AC-7626457C7D84}"
EndProject
Project("{FAE04EC0-301F-11D3-BF4B-00C04F79EFBC}") = "Assembly-CSharp", "Assembly-CSharp.csproj", "{2BB7C512-BDD4-5E99-0165-97AE13B82C09}"
EndProject
Project("{FAE04EC0-301F-11D3-BF4B-00C04F79EFBC}") = "Assembly-CSharp-Editor", "Assembly-CSharp-Editor.csproj", "{333BE4D6-AAAC-5141-65F4-AC4D7A77088E}"
EndProject
Project("{720D623E-C9FB-F7C2-8ADE-14E780EE411A}") = "movingRoomSVR", "Assembly-UnityScript-firstpass.unityproj", "{D844EF1B-84D4-B0F7-9844-F71346D6E748}"
EndProject
Project("{720D623E-C9FB-F7C2-8ADE-14E780EE411A}") = "movingRoomSVR", "Assembly-UnityScript.unityproj", "{31D931F2-C206-3DC7-5AB7-4BCBB98FA55B}"
EndProject
Global
	GlobalSection(SolutionConfigurationPlatforms) = preSolution
		Debug|Any CPU = Debug|Any CPU
		Release|Any CPU = Release|Any CPU
	EndGlobalSection
	GlobalSection(ProjectConfigurationPlatforms) = postSolution
		{29B15D09-5FCE-52E5-B4AC-7626457C7D84}.Debug|Any CPU.ActiveCfg = Debug|Any CPU
		{29B15D09-5FCE-52E5-B4AC-7626457C7D84}.Debug|Any CPU.Build.0 = Debug|Any CPU
		{29B15D09-5FCE-52E5-B4AC-7626457C7D84}.Release|Any CPU.ActiveCfg = Release|Any CPU
		{29B15D09-5FCE-52E5-B4AC-7626457C7D84}.Release|Any CPU.Build.0 = Release|Any CPU
		{2BB7C512-BDD4-5E99-0165-97AE13B82C09}.Debug|Any CPU.ActiveCfg = Debug|Any CPU
		{2BB7C512-BDD4-5E99-0165-97AE13B82C09}.Debug|Any CPU.Build.0 = Debug|Any CPU
		{2BB7C512-BDD4-5E99-0165-97AE13B82C09}.Release|Any CPU.ActiveCfg = Release|Any CPU
		{2BB7C512-BDD4-5E99-0165-97AE13B82C09}.Release|Any CPU.Build.0 = Release|Any CPU
		{333BE4D6-AAAC-5141-65F4-AC4D7A77088E}.Debug|Any CPU.ActiveCfg = Debug|Any CPU
		{333BE4D6-AAAC-5141-65F4-AC4D7A77088E}.Debug|Any CPU.Build.0 = Debug|Any CPU
		{333BE4D6-AAAC-5141-65F4-AC4D7A77088E}.Release|Any CPU.ActiveCfg = Release|Any CPU
		{333BE4D6-AAAC-5141-65F4-AC4D7A77088E}.Release|Any CPU.Build.0 = Release|Any CPU
		{D844EF1B-84D4-B0F7-9844-F71346D6E748}.Debug|Any CPU.ActiveCfg = Debug|Any CPU
		{D844EF1B-84D4-B0F7-9844-F71346D6E748}.Debug|Any CPU.Build.0 = Debug|Any CPU
		{D844EF1B-84D4-B0F7-9844-F71346D6E748}.Release|Any CPU.ActiveCfg = Release|Any CPU
		{D844EF1B-84D4-B0F7-9844-F71346D6E748}.Release|Any CPU.Build.0 = Release|Any CPU
		{31D931F2-C206-3DC7-5AB7-4BCBB98FA55B}.Debug|Any CPU.ActiveCfg = Debug|Any CPU
		{31D931F2-C206-3DC7-5AB7-4BCBB98FA55B}.Debug|Any CPU.Build.0 = Debug|Any CPU
		{31D931F2-C206-3DC7-5AB7-4BCBB98FA55B}.Release|Any CPU.ActiveCfg = Release|Any CPU
		{31D931F2-C206-3DC7-5AB7-4BCBB98FA55B}.Release|Any CPU.Build.0 = Release|Any CPU
	EndGlobalSection
	GlobalSection(SolutionProperties) = preSolution
		HideSolutionNode = FALSE
	EndGlobalSection
	GlobalSection(MonoDevelopProperties) = preSolution
		StartupItem = Assembly-CSharp.csproj
		Policies = $0
		$0.TextStylePolicy = $3
		$1.inheritsSet = null
		$1.scope = text/x-csharp
		$0.CSharpFormattingPolicy = $2
		$2.inheritsSet = Mono
		$2.inheritsScope = text/x-csharp
		$2.scope = text/x-csharp
		$3.FileWidth = 120
		$3.TabWidth = 4
		$3.IndentWidth = 4
		$3.EolMarker = Unix
		$3.inheritsSet = Mono
		$3.inheritsScope = text/plain
		$3.scope = text/plain
	EndGlobalSection
EndGlobal
