Microsoft Visual Studio Solution File, Format Version 11.00
# Visual Studio 2008

Project("{720D623E-C9FB-F7C2-8ADE-14E780EE411A}") = "movingRoomSVR", "Assembly-CSharp-firstpass.csproj", "{98321644-1C47-978C-42F3-95CF4B347AA6}"
EndProject
Project("{720D623E-C9FB-F7C2-8ADE-14E780EE411A}") = "movingRoomSVR", "Assembly-CSharp.csproj", "{9857C0BD-51F3-7B2E-6318-86938D21798A}"
EndProject
Project("{720D623E-C9FB-F7C2-8ADE-14E780EE411A}") = "movingRoomSVR", "Assembly-CSharp-Editor.csproj", "{AB17B355-CD95-AFED-3B35-084FFB06EFB5}"
EndProject
Project("{720D623E-C9FB-F7C2-8ADE-14E780EE411A}") = "movingRoomSVR", "Assembly-UnityScript-firstpass.unityproj", "{D844EF1B-84D4-B0F7-9844-F71346D6E748}"
EndProject
Project("{720D623E-C9FB-F7C2-8ADE-14E780EE411A}") = "movingRoomSVR", "Assembly-UnityScript.unityproj", "{31D931F2-C206-3DC7-5AB7-4BCBB98FA55B}"
EndProject
Project("{720D623E-C9FB-F7C2-8ADE-14E780EE411A}") = "movingRoomSVR", "Assembly-UnityScript-Editor-firstpass.unityproj", "{FA41C5B4-A563-7022-328A-52EAC36145A1}"
EndProject
Project("{720D623E-C9FB-F7C2-8ADE-14E780EE411A}") = "movingRoomSVR", "Assembly-UnityScript-Editor.unityproj", "{C98C2C9D-3ADE-D99C-1321-BE17CC0EFD25}"
EndProject
Global
	GlobalSection(SolutionConfigurationPlatforms) = preSolution
		Debug|Any CPU = Debug|Any CPU
		Release|Any CPU = Release|Any CPU
	EndGlobalSection
	GlobalSection(ProjectConfigurationPlatforms) = postSolution
		{98321644-1C47-978C-42F3-95CF4B347AA6}.Debug|Any CPU.ActiveCfg = Debug|Any CPU
		{98321644-1C47-978C-42F3-95CF4B347AA6}.Debug|Any CPU.Build.0 = Debug|Any CPU
		{98321644-1C47-978C-42F3-95CF4B347AA6}.Release|Any CPU.ActiveCfg = Release|Any CPU
		{98321644-1C47-978C-42F3-95CF4B347AA6}.Release|Any CPU.Build.0 = Release|Any CPU
		{9857C0BD-51F3-7B2E-6318-86938D21798A}.Debug|Any CPU.ActiveCfg = Debug|Any CPU
		{9857C0BD-51F3-7B2E-6318-86938D21798A}.Debug|Any CPU.Build.0 = Debug|Any CPU
		{9857C0BD-51F3-7B2E-6318-86938D21798A}.Release|Any CPU.ActiveCfg = Release|Any CPU
		{9857C0BD-51F3-7B2E-6318-86938D21798A}.Release|Any CPU.Build.0 = Release|Any CPU
		{AB17B355-CD95-AFED-3B35-084FFB06EFB5}.Debug|Any CPU.ActiveCfg = Debug|Any CPU
		{AB17B355-CD95-AFED-3B35-084FFB06EFB5}.Debug|Any CPU.Build.0 = Debug|Any CPU
		{AB17B355-CD95-AFED-3B35-084FFB06EFB5}.Release|Any CPU.ActiveCfg = Release|Any CPU
		{AB17B355-CD95-AFED-3B35-084FFB06EFB5}.Release|Any CPU.Build.0 = Release|Any CPU
		{D844EF1B-84D4-B0F7-9844-F71346D6E748}.Debug|Any CPU.ActiveCfg = Debug|Any CPU
		{D844EF1B-84D4-B0F7-9844-F71346D6E748}.Debug|Any CPU.Build.0 = Debug|Any CPU
		{D844EF1B-84D4-B0F7-9844-F71346D6E748}.Release|Any CPU.ActiveCfg = Release|Any CPU
		{D844EF1B-84D4-B0F7-9844-F71346D6E748}.Release|Any CPU.Build.0 = Release|Any CPU
		{31D931F2-C206-3DC7-5AB7-4BCBB98FA55B}.Debug|Any CPU.ActiveCfg = Debug|Any CPU
		{31D931F2-C206-3DC7-5AB7-4BCBB98FA55B}.Debug|Any CPU.Build.0 = Debug|Any CPU
		{31D931F2-C206-3DC7-5AB7-4BCBB98FA55B}.Release|Any CPU.ActiveCfg = Release|Any CPU
		{31D931F2-C206-3DC7-5AB7-4BCBB98FA55B}.Release|Any CPU.Build.0 = Release|Any CPU
		{FA41C5B4-A563-7022-328A-52EAC36145A1}.Debug|Any CPU.ActiveCfg = Debug|Any CPU
		{FA41C5B4-A563-7022-328A-52EAC36145A1}.Debug|Any CPU.Build.0 = Debug|Any CPU
		{FA41C5B4-A563-7022-328A-52EAC36145A1}.Release|Any CPU.ActiveCfg = Release|Any CPU
		{FA41C5B4-A563-7022-328A-52EAC36145A1}.Release|Any CPU.Build.0 = Release|Any CPU
		{C98C2C9D-3ADE-D99C-1321-BE17CC0EFD25}.Debug|Any CPU.ActiveCfg = Debug|Any CPU
		{C98C2C9D-3ADE-D99C-1321-BE17CC0EFD25}.Debug|Any CPU.Build.0 = Debug|Any CPU
		{C98C2C9D-3ADE-D99C-1321-BE17CC0EFD25}.Release|Any CPU.ActiveCfg = Release|Any CPU
		{C98C2C9D-3ADE-D99C-1321-BE17CC0EFD25}.Release|Any CPU.Build.0 = Release|Any CPU
	EndGlobalSection
	GlobalSection(SolutionProperties) = preSolution
		HideSolutionNode = FALSE
	EndGlobalSection
																															GlobalSection(MonoDevelopProperties) = preSolution
		StartupItem = Assembly-CSharp.csproj
		Policies = $0
		$0.TextStylePolicy = $1
		$1.inheritsSet = null
		$1.scope = text/x-csharp
		$0.CSharpFormattingPolicy = $2
		$2.inheritsSet = Mono
		$2.inheritsScope = text/x-csharp
		$2.scope = text/x-csharp
		$0.TextStylePolicy = $3
		$3.FileWidth = 120
		$3.TabWidth = 4
		$3.IndentWidth = 4
		$3.EolMarker = Unix
		$3.inheritsSet = Mono
		$3.inheritsScope = text/plain
		$3.scope = text/plain
	EndGlobalSection

EndGlobal
